
Microsoft Visual Studio Solution File, Format Version 12.00
# Visual Studio Version 17
VisualStudioVersion = 17.8.34330.188
MinimumVisualStudioVersion = 10.0.40219.1
Project("{FAE04EC0-301F-11D3-BF4B-00C04F79EFBC}") = "Teste", "Teste\Teste.csproj", "{9A8DF3A4-3D8D-4A1F-A0DB-D32BA99278FB}"
EndProject
Global
	GlobalSection(SolutionConfigurationPlatforms) = preSolution
		Debug|Any CPU = Debug|Any CPU
		Release|Any CPU = Release|Any CPU
	EndGlobalSection
	GlobalSection(ProjectConfigurationPlatforms) = postSolution
		{9A8DF3A4-3D8D-4A1F-A0DB-D32BA99278FB}.Debug|Any CPU.ActiveCfg = Debug|Any CPU
		{9A8DF3A4-3D8D-4A1F-A0DB-D32BA99278FB}.Debug|Any CPU.Build.0 = Debug|Any CPU
		{9A8DF3A4-3D8D-4A1F-A0DB-D32BA99278FB}.Release|Any CPU.ActiveCfg = Release|Any CPU
		{9A8DF3A4-3D8D-4A1F-A0DB-D32BA99278FB}.Release|Any CPU.Build.0 = Release|Any CPU
	EndGlobalSection
	GlobalSection(SolutionProperties) = preSolution
		HideSolutionNode = FALSE
	EndGlobalSection
	GlobalSection(ExtensibilityGlobals) = postSolution
		SolutionGuid = {9102206B-FE41-4055-A9F2-16189CC76881}
	EndGlobalSection
EndGlobal
